
Microsoft Visual Studio Solution File, Format Version 12.00
# Visual Studio Version 17
VisualStudioVersion = 17.11.35219.272
MinimumVisualStudioVersion = 10.0.40219.1
Project("{FAE04EC0-301F-11D3-BF4B-00C04F79EFBC}") = "WasteIntoCity.Api", "WasteIntoCity.Api\WasteIntoCity.Api.csproj", "{9BA81853-1C57-481C-A686-3B06CE3083BC}"
EndProject
Global
	GlobalSection(SolutionConfigurationPlatforms) = preSolution
		Debug|Any CPU = Debug|Any CPU
		Release|Any CPU = Release|Any CPU
	EndGlobalSection
	GlobalSection(ProjectConfigurationPlatforms) = postSolution
		{9BA81853-1C57-481C-A686-3B06CE3083BC}.Debug|Any CPU.ActiveCfg = Debug|Any CPU
		{9BA81853-1C57-481C-A686-3B06CE3083BC}.Debug|Any CPU.Build.0 = Debug|Any CPU
		{9BA81853-1C57-481C-A686-3B06CE3083BC}.Release|Any CPU.ActiveCfg = Release|Any CPU
		{9BA81853-1C57-481C-A686-3B06CE3083BC}.Release|Any CPU.Build.0 = Release|Any CPU
	EndGlobalSection
	GlobalSection(SolutionProperties) = preSolution
		HideSolutionNode = FALSE
	EndGlobalSection
	GlobalSection(ExtensibilityGlobals) = postSolution
		SolutionGuid = {606297CD-A2D7-45F6-9DF5-08044A7B2FCA}
	EndGlobalSection
EndGlobal
